# @generated by Move, please check-in and do not edit manually.

[move]
version = 3
manifest_digest = "561BBA3A4A10D5279D2B145720282E89827278806DA738FE956A11F04FC5F758"
deps_digest = "F8BBB0CCB2491CA29A3DF03D6F92277A4F3574266507ACD77214D37ECA3F3082"
dependencies = [
  { id = "Sui", name = "Sui" },
]

[[move.package]]
id = "MoveStdlib"
source = { git = "https://github.com/MystenLabs/sui.git", rev = "framework/mainnet", subdir = "crates\\sui-framework\\packages\\move-stdlib" }

[[move.package]]
id = "Sui"
source = { git = "https://github.com/MystenLabs/sui.git", rev = "framework/mainnet", subdir = "crates/sui-framework/packages/sui-framework" }

dependencies = [
  { id = "MoveStdlib", name = "MoveStdlib" },
]

[move.toolchain-version]
compiler-version = "1.61.2"
edition = "2024.beta"
flavor = "sui"

[env]

[env.testnet]
chain-id = "4c78adac"
original-published-id = "0x21525a8d7469d45dbb9a4ae89c2a465816c71cb495127ae8b3a2d4dda2083cf3"
latest-published-id = "0x21525a8d7469d45dbb9a4ae89c2a465816c71cb495127ae8b3a2d4dda2083cf3"
published-version = "1"
