lockfileVersion: '9.0'

settings:
  autoInstallPeers: true
  excludeLinksFromLockfile: false

importers:

  .:
    dependencies:
      '@mysten/dapp-kit':
        specifier: ^0.19.11
        version: 0.19.11(@tanstack/react-query@5.90.12(react@19.2.3))(react-dom@19.2.3(react@19.2.3))(react@19.2.3)(typescript@5.9.3)
      '@mysten/sui':
        specifier: ^1.45.2
        version: 1.45.2(typescript@5.9.3)
      '@tanstack/react-query':
        specifier: ^5.90.12
        version: 5.90.12(react@19.2.3)

packages:

  '@0no-co/graphql.web@1.2.0':
    resolution: {integrity: sha512-/1iHy9TTr63gE1YcR5idjx8UREz1s0kFhydf3bBLCXyqjhkIc6igAzTOx3zPifCwFR87tsh/4Pa9cNts6d2otw==}
    peerDependencies:
      graphql: ^14.0.0 || ^15.0.0 || ^16.0.0
    peerDependenciesMeta:
      graphql:
        optional: true

  '@0no-co/graphqlsp@1.15.2':
    resolution: {integrity: sha512-Ys031WnS3sTQQBtRTkQsYnw372OlW72ais4sp0oh2UMPRNyxxnq85zRfU4PIdoy9kWriysPT5BYAkgIxhbonFA==}
    peerDependencies:
      graphql: ^15.5.0 || ^16.0.0 || ^17.0.0
      typescript: ^5.0.0

  '@babel/runtime@7.28.4':
    resolution: {integrity: sha512-Q/N6JNWvIvPnLDvjlE1OUBLPQHH6l3CltCEsHIujp45zQUSSh8K+gHnaEX45yAT1nyngnINhvWtzN+Nb9D8RAQ==}
    engines: {node: '>=6.9.0'}

  '@emotion/hash@0.9.2':
    resolution: {integrity: sha512-MyqliTZGuOm3+5ZRSaaBGP3USLw6+EGykkwZns2EPC5g8jJ4z9OrdZY9apkl3+UP9+sdz76YYkwCKP5gh8iY3g==}

  '@floating-ui/core@1.7.3':
    resolution: {integrity: sha512-sGnvb5dmrJaKEZ+LDIpguvdX3bDlEllmv4/ClQ9awcmCZrlx5jQyyMWFM5kBI+EyNOCDDiKk8il0zeuX3Zlg/w==}

  '@floating-ui/dom@1.7.4':
    resolution: {integrity: sha512-OOchDgh4F2CchOX94cRVqhvy7b3AFb+/rQXyswmzmGakRfkMgoWVjfnLWkRirfLEfuD4ysVW16eXzwt3jHIzKA==}

  '@floating-ui/react-dom@2.1.6':
    resolution: {integrity: sha512-4JX6rEatQEvlmgU80wZyq9RT96HZJa88q8hp0pBd+LrczeDI4o6uA2M+uvxngVHo4Ihr8uibXxH6+70zhAFrVw==}
    peerDependencies:
      react: '>=16.8.0'
      react-dom: '>=16.8.0'

  '@floating-ui/utils@0.2.10':
    resolution: {integrity: sha512-aGTxbpbg8/b5JfU1HXSrbH3wXZuLPJcNEcZQFMxLs3oSzgtVu6nFPkbbGGUvBcUjKV2YyB9Wxxabo+HEH9tcRQ==}

  '@gql.tada/cli-utils@1.7.2':
    resolution: {integrity: sha512-Qbc7hbLvCz6IliIJpJuKJa9p05b2Jona7ov7+qofCsMRxHRZE1kpAmZMvL8JCI4c0IagpIlWNaMizXEQUe8XjQ==}
    peerDependencies:
      '@0no-co/graphqlsp': ^1.12.13
      '@gql.tada/svelte-support': 1.0.1
      '@gql.tada/vue-support': 1.0.1
      graphql: ^15.5.0 || ^16.0.0 || ^17.0.0
      typescript: ^5.0.0
    peerDependenciesMeta:
      '@gql.tada/svelte-support':
        optional: true
      '@gql.tada/vue-support':
        optional: true

  '@gql.tada/internal@1.0.8':
    resolution: {integrity: sha512-XYdxJhtHC5WtZfdDqtKjcQ4d7R1s0d1rnlSs3OcBEUbYiPoJJfZU7tWsVXuv047Z6msvmr4ompJ7eLSK5Km57g==}
    peerDependencies:
      graphql: ^15.5.0 || ^16.0.0 || ^17.0.0
      typescript: ^5.0.0

  '@graphql-typed-document-node/core@3.2.0':
    resolution: {integrity: sha512-mB9oAsNCm9aM3/SOv4YtBMqZbYj10R7dkq8byBqxGY/ncFwhf2oQzMV+LCRlWoDSEBJ3COiR1yeDvMtsoOsuFQ==}
    peerDependencies:
      graphql: ^0.8.0 || ^0.9.0 || ^0.10.0 || ^0.11.0 || ^0.12.0 || ^0.13.0 || ^14.0.0 || ^15.0.0 || ^16.0.0 || ^17.0.0

  '@mysten/bcs@1.9.2':
    resolution: {integrity: sha512-kBk5xrxV9OWR7i+JhL/plQrgQ2/KJhB2pB5gj+w6GXhbMQwS3DPpOvi/zN0Tj84jwPvHMllpEl0QHj6ywN7/eQ==}

  '@mysten/dapp-kit@0.19.11':
    resolution: {integrity: sha512-b0poDfJVTzmIYtDRT06KFxzer4xAN+KMvIJuZ8bIMXAOfV7a17fMEJ94HI1nXCflQGGbx+BKsIKcb93ptwPgag==}
    peerDependencies:
      '@tanstack/react-query': ^5.0.0
      react: '*'

  '@mysten/slush-wallet@0.2.12':
    resolution: {integrity: sha512-OVIQbADqUVZCTps3MGvVI90nczTbwepAb75x+jZuH2W2p8lXoYIuvuuP4KlwwalR9QgpqOqptdpYFVAKi8ncLQ==}

  '@mysten/sui@1.45.2':
    resolution: {integrity: sha512-gftf7fNpFSiXyfXpbtP2afVEnhc7p2m/MEYc/SO5pov92dacGKOpQIF7etZsGDI1Wvhv+dpph+ulRNpnYSs7Bg==}
    engines: {node: '>=18'}

  '@mysten/utils@0.2.0':
    resolution: {integrity: sha512-CM6kJcJHX365cK6aXfFRLBiuyXc5WSBHQ43t94jqlCAIRw8umgNcTb5EnEA9n31wPAQgLDGgbG/rCUISCTJ66w==}

  '@mysten/wallet-standard@0.19.9':
    resolution: {integrity: sha512-jHFt+62os7x7y+4ZVMLck8WSanEO9b8deCD+VApUQkdAHA99TuxbREaujQTjnGQN5DaGEz8wQgeBPqxRY/vKQA==}

  '@mysten/window-wallet-core@0.1.1':
    resolution: {integrity: sha512-TboJvuqXvJbKy0sqK72kR3RXp7SLkgNfEaNsKWsSUwD+wV9+h/S3wtO+E+yFmPgHgOr8c7HJIQLAdunMssKZtg==}

  '@noble/curves@1.9.4':
    resolution: {integrity: sha512-2bKONnuM53lINoDrSmK8qP8W271ms7pygDhZt4SiLOoLwBtoHqeCFi6RG42V8zd3mLHuJFhU/Bmaqo4nX0/kBw==}
    engines: {node: ^14.21.3 || >=16}

  '@noble/hashes@1.8.0':
    resolution: {integrity: sha512-jCs9ldd7NwzpgXDIf6P3+NrHh9/sD6CQdxHyjQI+h/6rDNo88ypBxxz45UDuZHz9r3tNz7N/VInSVoVdtXEI4A==}
    engines: {node: ^14.21.3 || >=16}

  '@protobuf-ts/grpcweb-transport@2.11.1':
    resolution: {integrity: sha512-1W4utDdvOB+RHMFQ0soL4JdnxjXV+ddeGIUg08DvZrA8Ms6k5NN6GBFU2oHZdTOcJVpPrDJ02RJlqtaoCMNBtw==}

  '@protobuf-ts/runtime-rpc@2.11.1':
    resolution: {integrity: sha512-4CqqUmNA+/uMz00+d3CYKgElXO9VrEbucjnBFEjqI4GuDrEQ32MaI3q+9qPBvIGOlL4PmHXrzM32vBPWRhQKWQ==}

  '@protobuf-ts/runtime@2.11.1':
    resolution: {integrity: sha512-KuDaT1IfHkugM2pyz+FwiY80ejWrkH1pAtOBOZFuR6SXEFTsnb/jiQWQ1rCIrcKx2BtyxnxW6BWwsVSA/Ie+WQ==}

  '@radix-ui/primitive@1.1.3':
    resolution: {integrity: sha512-JTF99U/6XIjCBo0wqkU5sK10glYe27MRRsfwoiq5zzOEZLHU3A3KCMa5X/azekYRCJ0HlwI0crAXS/5dEHTzDg==}

  '@radix-ui/react-arrow@1.1.7':
    resolution: {integrity: sha512-F+M1tLhO+mlQaOWspE8Wstg+z6PwxwRd8oQ8IXceWz92kfAmalTRf0EjrouQeo7QssEPfCn05B4Ihs1K9WQ/7w==}
    peerDependencies:
      '@types/react': '*'
      '@types/react-dom': '*'
      react: ^16.8 || ^17.0 || ^18.0 || ^19.0 || ^19.0.0-rc
      react-dom: ^16.8 || ^17.0 || ^18.0 || ^19.0 || ^19.0.0-rc
    peerDependenciesMeta:
      '@types/react':
        optional: true
      '@types/react-dom':
        optional: true

  '@radix-ui/react-collection@1.1.7':
    resolution: {integrity: sha512-Fh9rGN0MoI4ZFUNyfFVNU4y9LUz93u9/0K+yLgA2bwRojxM8JU1DyvvMBabnZPBgMWREAJvU2jjVzq+LrFUglw==}
    peerDependencies:
      '@types/react': '*'
      '@types/react-dom': '*'
      react: ^16.8 || ^17.0 || ^18.0 || ^19.0 || ^19.0.0-rc
      react-dom: ^16.8 || ^17.0 || ^18.0 || ^19.0 || ^19.0.0-rc
    peerDependenciesMeta:
      '@types/react':
        optional: true
      '@types/react-dom':
        optional: true

  '@radix-ui/react-compose-refs@1.1.2':
    resolution: {integrity: sha512-z4eqJvfiNnFMHIIvXP3CY57y2WJs5g2v3X0zm9mEJkrkNv4rDxu+sg9Jh8EkXyeqBkB7SOcboo9dMVqhyrACIg==}
    peerDependencies:
      '@types/react': '*'
      react: ^16.8 || ^17.0 || ^18.0 || ^19.0 || ^19.0.0-rc
    peerDependenciesMeta:
      '@types/react':
        optional: true

  '@radix-ui/react-context@1.1.2':
    resolution: {integrity: sha512-jCi/QKUM2r1Ju5a3J64TH2A5SpKAgh0LpknyqdQ4m6DCV0xJ2HG1xARRwNGPQfi1SLdLWZ1OJz6F4OMBBNiGJA==}
    peerDependencies:
      '@types/react': '*'
      react: ^16.8 || ^17.0 || ^18.0 || ^19.0 || ^19.0.0-rc
    peerDependenciesMeta:
      '@types/react':
        optional: true

  '@radix-ui/react-dialog@1.1.15':
    resolution: {integrity: sha512-TCglVRtzlffRNxRMEyR36DGBLJpeusFcgMVD9PZEzAKnUs1lKCgX5u9BmC2Yg+LL9MgZDugFFs1Vl+Jp4t/PGw==}
    peerDependencies:
      '@types/react': '*'
      '@types/react-dom': '*'
      react: ^16.8 || ^17.0 || ^18.0 || ^19.0 || ^19.0.0-rc
      react-dom: ^16.8 || ^17.0 || ^18.0 || ^19.0 || ^19.0.0-rc
    peerDependenciesMeta:
      '@types/react':
        optional: true
      '@types/react-dom':
        optional: true

  '@radix-ui/react-direction@1.1.1':
    resolution: {integrity: sha512-1UEWRX6jnOA2y4H5WczZ44gOOjTEmlqv1uNW4GAJEO5+bauCBhv8snY65Iw5/VOS/ghKN9gr2KjnLKxrsvoMVw==}
    peerDependencies:
      '@types/react': '*'
      react: ^16.8 || ^17.0 || ^18.0 || ^19.0 || ^19.0.0-rc
    peerDependenciesMeta:
      '@types/react':
        optional: true

  '@radix-ui/react-dismissable-layer@1.1.11':
    resolution: {integrity: sha512-Nqcp+t5cTB8BinFkZgXiMJniQH0PsUt2k51FUhbdfeKvc4ACcG2uQniY/8+h1Yv6Kza4Q7lD7PQV0z0oicE0Mg==}
    peerDependencies:
      '@types/react': '*'
      '@types/react-dom': '*'
      react: ^16.8 || ^17.0 || ^18.0 || ^19.0 || ^19.0.0-rc
      react-dom: ^16.8 || ^17.0 || ^18.0 || ^19.0 || ^19.0.0-rc
    peerDependenciesMeta:
      '@types/react':
        optional: true
      '@types/react-dom':
        optional: true

  '@radix-ui/react-dropdown-menu@2.1.16':
    resolution: {integrity: sha512-1PLGQEynI/3OX/ftV54COn+3Sud/Mn8vALg2rWnBLnRaGtJDduNW/22XjlGgPdpcIbiQxjKtb7BkcjP00nqfJw==}
    peerDependencies:
      '@types/react': '*'
      '@types/react-dom': '*'
      react: ^16.8 || ^17.0 || ^18.0 || ^19.0 || ^19.0.0-rc
      react-dom: ^16.8 || ^17.0 || ^18.0 || ^19.0 || ^19.0.0-rc
    peerDependenciesMeta:
      '@types/react':
        optional: true
      '@types/react-dom':
        optional: true

  '@radix-ui/react-focus-guards@1.1.3':
    resolution: {integrity: sha512-0rFg/Rj2Q62NCm62jZw0QX7a3sz6QCQU0LpZdNrJX8byRGaGVTqbrW9jAoIAHyMQqsNpeZ81YgSizOt5WXq0Pw==}
    peerDependencies:
      '@types/react': '*'
      react: ^16.8 || ^17.0 || ^18.0 || ^19.0 || ^19.0.0-rc
    peerDependenciesMeta:
      '@types/react':
        optional: true

  '@radix-ui/react-focus-scope@1.1.7':
    resolution: {integrity: sha512-t2ODlkXBQyn7jkl6TNaw/MtVEVvIGelJDCG41Okq/KwUsJBwQ4XVZsHAVUkK4mBv3ewiAS3PGuUWuY2BoK4ZUw==}
    peerDependencies:
      '@types/react': '*'
      '@types/react-dom': '*'
      react: ^16.8 || ^17.0 || ^18.0 || ^19.0 || ^19.0.0-rc
      react-dom: ^16.8 || ^17.0 || ^18.0 || ^19.0 || ^19.0.0-rc
    peerDependenciesMeta:
      '@types/react':
        optional: true
      '@types/react-dom':
        optional: true

  '@radix-ui/react-id@1.1.1':
    resolution: {integrity: sha512-kGkGegYIdQsOb4XjsfM97rXsiHaBwco+hFI66oO4s9LU+PLAC5oJ7khdOVFxkhsmlbpUqDAvXw11CluXP+jkHg==}
    peerDependencies:
      '@types/react': '*'
      react: ^16.8 || ^17.0 || ^18.0 || ^19.0 || ^19.0.0-rc
    peerDependenciesMeta:
      '@types/react':
        optional: true

  '@radix-ui/react-menu@2.1.16':
    resolution: {integrity: sha512-72F2T+PLlphrqLcAotYPp0uJMr5SjP5SL01wfEspJbru5Zs5vQaSHb4VB3ZMJPimgHHCHG7gMOeOB9H3Hdmtxg==}
    peerDependencies:
      '@types/react': '*'
      '@types/react-dom': '*'
      react: ^16.8 || ^17.0 || ^18.0 || ^19.0 || ^19.0.0-rc
      react-dom: ^16.8 || ^17.0 || ^18.0 || ^19.0 || ^19.0.0-rc
    peerDependenciesMeta:
      '@types/react':
        optional: true
      '@types/react-dom':
        optional: true

  '@radix-ui/react-popper@1.2.8':
    resolution: {integrity: sha512-0NJQ4LFFUuWkE7Oxf0htBKS6zLkkjBH+hM1uk7Ng705ReR8m/uelduy1DBo0PyBXPKVnBA6YBlU94MBGXrSBCw==}
    peerDependencies:
      '@types/react': '*'
      '@types/react-dom': '*'
      react: ^16.8 || ^17.0 || ^18.0 || ^19.0 || ^19.0.0-rc
      react-dom: ^16.8 || ^17.0 || ^18.0 || ^19.0 || ^19.0.0-rc
    peerDependenciesMeta:
      '@types/react':
        optional: true
      '@types/react-dom':
        optional: true

  '@radix-ui/react-portal@1.1.9':
    resolution: {integrity: sha512-bpIxvq03if6UNwXZ+HTK71JLh4APvnXntDc6XOX8UVq4XQOVl7lwok0AvIl+b8zgCw3fSaVTZMpAPPagXbKmHQ==}
    peerDependencies:
      '@types/react': '*'
      '@types/react-dom': '*'
      react: ^16.8 || ^17.0 || ^18.0 || ^19.0 || ^19.0.0-rc
      react-dom: ^16.8 || ^17.0 || ^18.0 || ^19.0 || ^19.0.0-rc
    peerDependenciesMeta:
      '@types/react':
        optional: true
      '@types/react-dom':
        optional: true

  '@radix-ui/react-presence@1.1.5':
    resolution: {integrity: sha512-/jfEwNDdQVBCNvjkGit4h6pMOzq8bHkopq458dPt2lMjx+eBQUohZNG9A7DtO/O5ukSbxuaNGXMjHicgwy6rQQ==}
    peerDependencies:
      '@types/react': '*'
      '@types/react-dom': '*'
      react: ^16.8 || ^17.0 || ^18.0 || ^19.0 || ^19.0.0-rc
      react-dom: ^16.8 || ^17.0 || ^18.0 || ^19.0 || ^19.0.0-rc
    peerDependenciesMeta:
      '@types/react':
        optional: true
      '@types/react-dom':
        optional: true

  '@radix-ui/react-primitive@2.1.3':
    resolution: {integrity: sha512-m9gTwRkhy2lvCPe6QJp4d3G1TYEUHn/FzJUtq9MjH46an1wJU+GdoGC5VLof8RX8Ft/DlpshApkhswDLZzHIcQ==}
    peerDependencies:
      '@types/react': '*'
      '@types/react-dom': '*'
      react: ^16.8 || ^17.0 || ^18.0 || ^19.0 || ^19.0.0-rc
      react-dom: ^16.8 || ^17.0 || ^18.0 || ^19.0 || ^19.0.0-rc
    peerDependenciesMeta:
      '@types/react':
        optional: true
      '@types/react-dom':
        optional: true

  '@radix-ui/react-roving-focus@1.1.11':
    resolution: {integrity: sha512-7A6S9jSgm/S+7MdtNDSb+IU859vQqJ/QAtcYQcfFC6W8RS4IxIZDldLR0xqCFZ6DCyrQLjLPsxtTNch5jVA4lA==}
    peerDependencies:
      '@types/react': '*'
      '@types/react-dom': '*'
      react: ^16.8 || ^17.0 || ^18.0 || ^19.0 || ^19.0.0-rc
      react-dom: ^16.8 || ^17.0 || ^18.0 || ^19.0 || ^19.0.0-rc
    peerDependenciesMeta:
      '@types/react':
        optional: true
      '@types/react-dom':
        optional: true

  '@radix-ui/react-slot@1.2.3':
    resolution: {integrity: sha512-aeNmHnBxbi2St0au6VBVC7JXFlhLlOnvIIlePNniyUNAClzmtAUEY8/pBiK3iHjufOlwA+c20/8jngo7xcrg8A==}
    peerDependencies:
      '@types/react': '*'
      react: ^16.8 || ^17.0 || ^18.0 || ^19.0 || ^19.0.0-rc
    peerDependenciesMeta:
      '@types/react':
        optional: true

  '@radix-ui/react-slot@1.2.4':
    resolution: {integrity: sha512-Jl+bCv8HxKnlTLVrcDE8zTMJ09R9/ukw4qBs/oZClOfoQk/cOTbDn+NceXfV7j09YPVQUryJPHurafcSg6EVKA==}
    peerDependencies:
      '@types/react': '*'
      react: ^16.8 || ^17.0 || ^18.0 || ^19.0 || ^19.0.0-rc
    peerDependenciesMeta:
      '@types/react':
        optional: true

  '@radix-ui/react-use-callback-ref@1.1.1':
    resolution: {integrity: sha512-FkBMwD+qbGQeMu1cOHnuGB6x4yzPjho8ap5WtbEJ26umhgqVXbhekKUQO+hZEL1vU92a3wHwdp0HAcqAUF5iDg==}
    peerDependencies:
      '@types/react': '*'
      react: ^16.8 || ^17.0 || ^18.0 || ^19.0 || ^19.0.0-rc
    peerDependenciesMeta:
      '@types/react':
        optional: true

  '@radix-ui/react-use-controllable-state@1.2.2':
    resolution: {integrity: sha512-BjasUjixPFdS+NKkypcyyN5Pmg83Olst0+c6vGov0diwTEo6mgdqVR6hxcEgFuh4QrAs7Rc+9KuGJ9TVCj0Zzg==}
    peerDependencies:
      '@types/react': '*'
      react: ^16.8 || ^17.0 || ^18.0 || ^19.0 || ^19.0.0-rc
    peerDependenciesMeta:
      '@types/react':
        optional: true

  '@radix-ui/react-use-effect-event@0.0.2':
    resolution: {integrity: sha512-Qp8WbZOBe+blgpuUT+lw2xheLP8q0oatc9UpmiemEICxGvFLYmHm9QowVZGHtJlGbS6A6yJ3iViad/2cVjnOiA==}
    peerDependencies:
      '@types/react': '*'
      react: ^16.8 || ^17.0 || ^18.0 || ^19.0 || ^19.0.0-rc
    peerDependenciesMeta:
      '@types/react':
        optional: true

  '@radix-ui/react-use-escape-keydown@1.1.1':
    resolution: {integrity: sha512-Il0+boE7w/XebUHyBjroE+DbByORGR9KKmITzbR7MyQ4akpORYP/ZmbhAr0DG7RmmBqoOnZdy2QlvajJ2QA59g==}
    peerDependencies:
      '@types/react': '*'
      react: ^16.8 || ^17.0 || ^18.0 || ^19.0 || ^19.0.0-rc
    peerDependenciesMeta:
      '@types/react':
        optional: true

  '@radix-ui/react-use-layout-effect@1.1.1':
    resolution: {integrity: sha512-RbJRS4UWQFkzHTTwVymMTUv8EqYhOp8dOOviLj2ugtTiXRaRQS7GLGxZTLL1jWhMeoSCf5zmcZkqTl9IiYfXcQ==}
    peerDependencies:
      '@types/react': '*'
      react: ^16.8 || ^17.0 || ^18.0 || ^19.0 || ^19.0.0-rc
    peerDependenciesMeta:
      '@types/react':
        optional: true

  '@radix-ui/react-use-rect@1.1.1':
    resolution: {integrity: sha512-QTYuDesS0VtuHNNvMh+CjlKJ4LJickCMUAqjlE3+j8w+RlRpwyX3apEQKGFzbZGdo7XNG1tXa+bQqIE7HIXT2w==}
    peerDependencies:
      '@types/react': '*'
      react: ^16.8 || ^17.0 || ^18.0 || ^19.0 || ^19.0.0-rc
    peerDependenciesMeta:
      '@types/react':
        optional: true

  '@radix-ui/react-use-size@1.1.1':
    resolution: {integrity: sha512-ewrXRDTAqAXlkl6t/fkXWNAhFX9I+CkKlw6zjEwk86RSPKwZr3xpBRso655aqYafwtnbpHLj6toFzmd6xdVptQ==}
    peerDependencies:
      '@types/react': '*'
      react: ^16.8 || ^17.0 || ^18.0 || ^19.0 || ^19.0.0-rc
    peerDependenciesMeta:
      '@types/react':
        optional: true

  '@radix-ui/rect@1.1.1':
    resolution: {integrity: sha512-HPwpGIzkl28mWyZqG52jiqDJ12waP11Pa1lGoiyUkIEuMLBP0oeK/C89esbXrxsky5we7dfd8U58nm0SgAWpVw==}

  '@scure/base@1.2.6':
    resolution: {integrity: sha512-g/nm5FgUa//MCj1gV09zTJTaM6KBAHqLN907YVQqf7zC49+DcO4B1so4ZX07Ef10Twr6nuqYEH9GEggFXA4Fmg==}

  '@scure/bip32@1.7.0':
    resolution: {integrity: sha512-E4FFX/N3f4B80AKWp5dP6ow+flD1LQZo/w8UnLGYZO674jS6YnYeepycOOksv+vLPSpgN35wgKgy+ybfTb2SMw==}

  '@scure/bip39@1.6.0':
    resolution: {integrity: sha512-+lF0BbLiJNwVlev4eKelw1WWLaiKXw7sSl8T6FvBlWkdX+94aGJ4o8XjUdlyhTCjd8c+B3KT3JfS8P0bLRNU6A==}

  '@tanstack/query-core@5.90.12':
    resolution: {integrity: sha512-T1/8t5DhV/SisWjDnaiU2drl6ySvsHj1bHBCWNXd+/T+Hh1cf6JodyEYMd5sgwm+b/mETT4EV3H+zCVczCU5hg==}

  '@tanstack/react-query@5.90.12':
    resolution: {integrity: sha512-graRZspg7EoEaw0a8faiUASCyJrqjKPdqJ9EwuDRUF9mEYJ1YPczI9H+/agJ0mOJkPCJDk0lsz5QTrLZ/jQ2rg==}
    peerDependencies:
      react: ^18 || ^19

  '@vanilla-extract/css@1.18.0':
    resolution: {integrity: sha512-/p0dwOjr0o8gE5BRQ5O9P0u/2DjUd6Zfga2JGmE4KaY7ZITWMszTzk4x4CPlM5cKkRr2ZGzbE6XkuPNfp9shSQ==}

  '@vanilla-extract/dynamic@2.1.5':
    resolution: {integrity: sha512-QGIFGb1qyXQkbzx6X6i3+3LMc/iv/ZMBttMBL+Wm/DetQd36KsKsFg5CtH3qy+1hCA/5w93mEIIAiL4fkM8ycw==}

  '@vanilla-extract/private@1.0.9':
    resolution: {integrity: sha512-gT2jbfZuaaCLrAxwXbRgIhGhcXbRZCG3v4TTUnjw0EJ7ArdBRxkq4msNJkbuRkCgfIK5ATmprB5t9ljvLeFDEA==}

  '@vanilla-extract/recipes@0.5.7':
    resolution: {integrity: sha512-Fvr+htdyb6LVUu+PhH61UFPhwkjgDEk8L4Zq9oIdte42sntpKrgFy90MyTRtGwjVALmrJ0pwRUVr8UoByYeW8A==}
    peerDependencies:
      '@vanilla-extract/css': ^1.0.0

  '@wallet-standard/app@1.1.0':
    resolution: {integrity: sha512-3CijvrO9utx598kjr45hTbbeeykQrQfKmSnxeWOgU25TOEpvcipD/bYDQWIqUv1Oc6KK4YStokSMu/FBNecGUQ==}
    engines: {node: '>=16'}

  '@wallet-standard/base@1.1.0':
    resolution: {integrity: sha512-DJDQhjKmSNVLKWItoKThJS+CsJQjR9AOBOirBVT1F9YpRyC9oYHE+ZnSf8y8bxUphtKqdQMPVQ2mHohYdRvDVQ==}
    engines: {node: '>=16'}

  '@wallet-standard/core@1.1.1':
    resolution: {integrity: sha512-5Xmjc6+Oe0hcPfVc5n8F77NVLwx1JVAoCVgQpLyv/43/bhtIif+Gx3WUrDlaSDoM8i2kA2xd6YoFbHCxs+e0zA==}
    engines: {node: '>=16'}

  '@wallet-standard/errors@0.1.1':
    resolution: {integrity: sha512-V8Ju1Wvol8i/VDyQOHhjhxmMVwmKiwyxUZBnHhtiPZJTWY0U/Shb2iEWyGngYEbAkp2sGTmEeNX1tVyGR7PqNw==}
    engines: {node: '>=16'}
    hasBin: true

  '@wallet-standard/features@1.1.0':
    resolution: {integrity: sha512-hiEivWNztx73s+7iLxsuD1sOJ28xtRix58W7Xnz4XzzA/pF0+aicnWgjOdA10doVDEDZdUuZCIIqG96SFNlDUg==}
    engines: {node: '>=16'}

  '@wallet-standard/wallet@1.1.0':
    resolution: {integrity: sha512-Gt8TnSlDZpAl+RWOOAB/kuvC7RpcdWAlFbHNoi4gsXsfaWa1QCT6LBcfIYTPdOZC9OVZUDwqGuGAcqZejDmHjg==}
    engines: {node: '>=16'}

  aria-hidden@1.2.6:
    resolution: {integrity: sha512-ik3ZgC9dY/lYVVM++OISsaYDeg1tb0VtP5uL3ouh1koGOaUMDPpbFIei4JkFimWUFPn90sbMNMXQAIVOlnYKJA==}
    engines: {node: '>=10'}

  chalk@5.6.2:
    resolution: {integrity: sha512-7NzBL0rN6fMUW+f7A6Io4h40qQlG+xGmtMxfbnH/K7TAtt8JQWVQK+6g0UXKMeVJoyV5EkkNsErQ8pVD3bLHbA==}
    engines: {node: ^12.17.0 || ^14.13 || >=16.0.0}

  clsx@2.1.1:
    resolution: {integrity: sha512-eYm0QWBtUrBWZWG0d386OGAw16Z995PiOVo2B7bjWSbHedGl5e0ZWaq65kOGgUSNesEIDkB9ISbTg/JK9dhCZA==}
    engines: {node: '>=6'}

  commander@13.1.0:
    resolution: {integrity: sha512-/rFeCpNJQbhSZjGVwO9RFV3xPqbnERS8MmIQzCtD/zl6gpJuV/bMLuN92oG3F7d8oDEHHRrujSXNUr8fpjntKw==}
    engines: {node: '>=18'}

  css-what@6.2.2:
    resolution: {integrity: sha512-u/O3vwbptzhMs3L1fQE82ZSLHQQfto5gyZzwteVIEyeaY5Fc7R4dapF/BvRoSYFeqfBk4m0V1Vafq5Pjv25wvA==}
    engines: {node: '>= 6'}

  cssesc@3.0.0:
    resolution: {integrity: sha512-/Tb/JcjK111nNScGob5MNtsntNM1aCNUDipB/TkwZFhyDrrE47SOx/18wF2bbjgc3ZzCSKW1T5nt5EbFoAz/Vg==}
    engines: {node: '>=4'}
    hasBin: true

  csstype@3.2.3:
    resolution: {integrity: sha512-z1HGKcYy2xA8AGQfwrn0PAy+PB7X/GSj3UVJW9qKyn43xWa+gl5nXmU4qqLMRzWVLFC8KusUX8T/0kCiOYpAIQ==}

  dedent@1.7.1:
    resolution: {integrity: sha512-9JmrhGZpOlEgOLdQgSm0zxFaYoQon408V1v49aqTWuXENVlnCuY9JBZcXZiCsZQWDjTm5Qf/nIvAy77mXDAjEg==}
    peerDependencies:
      babel-plugin-macros: ^3.1.0
    peerDependenciesMeta:
      babel-plugin-macros:
        optional: true

  deep-object-diff@1.1.9:
    resolution: {integrity: sha512-Rn+RuwkmkDwCi2/oXOFS9Gsr5lJZu/yTGpK7wAaAIE75CC+LCGEZHpY6VQJa/RoJcrmaA/docWJZvYohlNkWPA==}

  deepmerge@4.3.1:
    resolution: {integrity: sha512-3sUqbMEc77XqpdNO7FRyRog+eW3ph+GYCbj+rK+uYyRMuwsVy0rMiVtPn+QJlKFvWP/1PYpapqYn0Me2knFn+A==}
    engines: {node: '>=0.10.0'}

  detect-node-es@1.1.0:
    resolution: {integrity: sha512-ypdmJU/TbBby2Dxibuv7ZLW3Bs1QEmM7nHjEANfohJLvE0XVujisn1qPJcZxg+qDucsr+bP6fLD1rPS3AhJ7EQ==}

  get-nonce@1.0.1:
    resolution: {integrity: sha512-FJhYRoDaiatfEkUK8HKlicmu/3SGFD51q3itKDGoSTysQJBnfOcxU5GxnhE1E6soB76MbT0MBtnKJuXyAx+96Q==}
    engines: {node: '>=6'}

  gql.tada@1.9.0:
    resolution: {integrity: sha512-1LMiA46dRs5oF7Qev6vMU32gmiNvM3+3nHoQZA9K9j2xQzH8xOAWnnJrLSbZOFHTSdFxqn86TL6beo1/7ja/aA==}
    hasBin: true
    peerDependencies:
      typescript: ^5.0.0

  graphql@16.12.0:
    resolution: {integrity: sha512-DKKrynuQRne0PNpEbzuEdHlYOMksHSUI8Zc9Unei5gTsMNA2/vMpoMz/yKba50pejK56qj98qM0SjYxAKi13gQ==}
    engines: {node: ^12.22.0 || ^14.16.0 || ^16.0.0 || >=17.0.0}

  jose@6.1.3:
    resolution: {integrity: sha512-0TpaTfihd4QMNwrz/ob2Bp7X04yuxJkjRGi4aKmOqwhov54i6u79oCv7T+C7lo70MKH6BesI3vscD1yb/yzKXQ==}

  lru-cache@10.4.3:
    resolution: {integrity: sha512-JNAzZcXrCt42VGLuYz0zfAzDfAvJWW6AfYlDBQyDV5DClI2m5sAmK+OIO7s59XfsRsWHp02jAJrRadPRGTt6SQ==}

  media-query-parser@2.0.2:
    resolution: {integrity: sha512-1N4qp+jE0pL5Xv4uEcwVUhIkwdUO3S/9gML90nqKA7v7FcOS5vUtatfzok9S9U1EJU8dHWlcv95WLnKmmxZI9w==}

  mitt@3.0.1:
    resolution: {integrity: sha512-vKivATfr97l2/QBCYAkXYDbrIWPM2IIKEl7YPhjCvKlG3kE2gm+uBo6nEXK3M5/Ffh/FLpKExzOQ3JJoJGFKBw==}

  modern-ahocorasick@1.1.0:
    resolution: {integrity: sha512-sEKPVl2rM+MNVkGQt3ChdmD8YsigmXdn5NifZn6jiwn9LRJpWm8F3guhaqrJT/JOat6pwpbXEk6kv+b9DMIjsQ==}

  picocolors@1.1.1:
    resolution: {integrity: sha512-xceH2snhtb5M9liqDsmEw56le376mTZkEX/jEb/RxNFyegNul7eNslCXP9FDj/Lcu0X8KEyMceP2ntpaHrDEVA==}

  poseidon-lite@0.2.1:
    resolution: {integrity: sha512-xIr+G6HeYfOhCuswdqcFpSX47SPhm0EpisWJ6h7fHlWwaVIvH3dLnejpatrtw6Xc6HaLrpq05y7VRfvDmDGIog==}

  react-dom@19.2.3:
    resolution: {integrity: sha512-yELu4WmLPw5Mr/lmeEpox5rw3RETacE++JgHqQzd2dg+YbJuat3jH4ingc+WPZhxaoFzdv9y33G+F7Nl5O0GBg==}
    peerDependencies:
      react: ^19.2.3

  react-remove-scroll-bar@2.3.8:
    resolution: {integrity: sha512-9r+yi9+mgU33AKcj6IbT9oRCO78WriSj6t/cF8DWBZJ9aOGPOTEDvdUDz1FwKim7QXWwmHqtdHnRJfhAxEG46Q==}
    engines: {node: '>=10'}
    peerDependencies:
      '@types/react': '*'
      react: ^16.8.0 || ^17.0.0 || ^18.0.0 || ^19.0.0
    peerDependenciesMeta:
      '@types/react':
        optional: true

  react-remove-scroll@2.7.2:
    resolution: {integrity: sha512-Iqb9NjCCTt6Hf+vOdNIZGdTiH1QSqr27H/Ek9sv/a97gfueI/5h1s3yRi1nngzMUaOOToin5dI1dXKdXiF+u0Q==}
    engines: {node: '>=10'}
    peerDependencies:
      '@types/react': '*'
      react: ^16.8.0 || ^17.0.0 || ^18.0.0 || ^19.0.0 || ^19.0.0-rc
    peerDependenciesMeta:
      '@types/react':
        optional: true

  react-style-singleton@2.2.3:
    resolution: {integrity: sha512-b6jSvxvVnyptAiLjbkWLE/lOnR4lfTtDAl+eUC7RZy+QQWc6wRzIV2CE6xBuMmDxc2qIihtDCZD5NPOFl7fRBQ==}
    engines: {node: '>=10'}
    peerDependencies:
      '@types/react': '*'
      react: ^16.8.0 || ^17.0.0 || ^18.0.0 || ^19.0.0 || ^19.0.0-rc
    peerDependenciesMeta:
      '@types/react':
        optional: true

  react@19.2.3:
    resolution: {integrity: sha512-Ku/hhYbVjOQnXDZFv2+RibmLFGwFdeeKHFcOTlrt7xplBnya5OGn/hIRDsqDiSUcfORsDC7MPxwork8jBwsIWA==}
    engines: {node: '>=0.10.0'}

  scheduler@0.27.0:
    resolution: {integrity: sha512-eNv+WrVbKu1f3vbYJT/xtiF5syA5HPIMtf9IgY/nKg0sWqzAUEvqY/xm7OcZc/qafLx/iO9FgOmeSAp4v5ti/Q==}

  tslib@2.8.1:
    resolution: {integrity: sha512-oJFu94HQb+KVduSUQL7wnpmqnfmLsOA/nAh6b6EH0wCEoK0/mPeXU6c3wKDV83MkOuHPRHtSXKKU99IBazS/2w==}

  typescript@5.9.3:
    resolution: {integrity: sha512-jl1vZzPDinLr9eUt3J/t7V6FgNEw9QjvBPdysz9KfQDD41fQrC2Y4vKQdiaUpFT4bXlb1RHhLpp8wtm6M5TgSw==}
    engines: {node: '>=14.17'}
    hasBin: true

  use-callback-ref@1.3.3:
    resolution: {integrity: sha512-jQL3lRnocaFtu3V00JToYz/4QkNWswxijDaCVNZRiRTO3HQDLsdu1ZtmIUvV4yPp+rvWm5j0y0TG/S61cuijTg==}
    engines: {node: '>=10'}
    peerDependencies:
      '@types/react': '*'
      react: ^16.8.0 || ^17.0.0 || ^18.0.0 || ^19.0.0 || ^19.0.0-rc
    peerDependenciesMeta:
      '@types/react':
        optional: true

  use-sidecar@1.1.3:
    resolution: {integrity: sha512-Fedw0aZvkhynoPYlA5WXrMCAMm+nSWdZt6lzJQ7Ok8S6Q+VsHmHpRWndVRJ8Be0ZbkfPc5LRYH+5XrzXcEeLRQ==}
    engines: {node: '>=10'}
    peerDependencies:
      '@types/react': '*'
      react: ^16.8.0 || ^17.0.0 || ^18.0.0 || ^19.0.0 || ^19.0.0-rc
    peerDependenciesMeta:
      '@types/react':
        optional: true

  use-sync-external-store@1.6.0:
    resolution: {integrity: sha512-Pp6GSwGP/NrPIrxVFAIkOQeyw8lFenOHijQWkUTrDvrF4ALqylP2C/KCkeS9dpUM3KvYRQhna5vt7IL95+ZQ9w==}
    peerDependencies:
      react: ^16.8.0 || ^17.0.0 || ^18.0.0 || ^19.0.0

  valibot@1.2.0:
    resolution: {integrity: sha512-mm1rxUsmOxzrwnX5arGS+U4T25RdvpPjPN4yR0u9pUBov9+zGVtO84tif1eY4r6zWxVxu3KzIyknJy3rxfRZZg==}
    peerDependencies:
      typescript: '>=5'
    peerDependenciesMeta:
      typescript:
        optional: true

  zustand@4.5.7:
    resolution: {integrity: sha512-CHOUy7mu3lbD6o6LJLfllpjkzhHXSBlX8B9+qPddUsIfeF5S/UZ5q0kmCsnRqT1UHFQZchNFDDzMbQsuesHWlw==}
    engines: {node: '>=12.7.0'}
    peerDependencies:
      '@types/react': '>=16.8'
      immer: '>=9.0.6'
      react: '>=16.8'
    peerDependenciesMeta:
      '@types/react':
        optional: true
      immer:
        optional: true
      react:
        optional: true

snapshots:

  '@0no-co/graphql.web@1.2.0(graphql@16.12.0)':
    optionalDependencies:
      graphql: 16.12.0

  '@0no-co/graphqlsp@1.15.2(graphql@16.12.0)(typescript@5.9.3)':
    dependencies:
      '@gql.tada/internal': 1.0.8(graphql@16.12.0)(typescript@5.9.3)
      graphql: 16.12.0
      typescript: 5.9.3

  '@babel/runtime@7.28.4': {}

  '@emotion/hash@0.9.2': {}

  '@floating-ui/core@1.7.3':
    dependencies:
      '@floating-ui/utils': 0.2.10

  '@floating-ui/dom@1.7.4':
    dependencies:
      '@floating-ui/core': 1.7.3
      '@floating-ui/utils': 0.2.10

  '@floating-ui/react-dom@2.1.6(react-dom@19.2.3(react@19.2.3))(react@19.2.3)':
    dependencies:
      '@floating-ui/dom': 1.7.4
      react: 19.2.3
      react-dom: 19.2.3(react@19.2.3)

  '@floating-ui/utils@0.2.10': {}

  '@gql.tada/cli-utils@1.7.2(@0no-co/graphqlsp@1.15.2(graphql@16.12.0)(typescript@5.9.3))(graphql@16.12.0)(typescript@5.9.3)':
    dependencies:
      '@0no-co/graphqlsp': 1.15.2(graphql@16.12.0)(typescript@5.9.3)
      '@gql.tada/internal': 1.0.8(graphql@16.12.0)(typescript@5.9.3)
      graphql: 16.12.0
      typescript: 5.9.3

  '@gql.tada/internal@1.0.8(graphql@16.12.0)(typescript@5.9.3)':
    dependencies:
      '@0no-co/graphql.web': 1.2.0(graphql@16.12.0)
      graphql: 16.12.0
      typescript: 5.9.3

  '@graphql-typed-document-node/core@3.2.0(graphql@16.12.0)':
    dependencies:
      graphql: 16.12.0

  '@mysten/bcs@1.9.2':
    dependencies:
      '@mysten/utils': 0.2.0
      '@scure/base': 1.2.6

  '@mysten/dapp-kit@0.19.11(@tanstack/react-query@5.90.12(react@19.2.3))(react-dom@19.2.3(react@19.2.3))(react@19.2.3)(typescript@5.9.3)':
    dependencies:
      '@mysten/slush-wallet': 0.2.12(typescript@5.9.3)
      '@mysten/sui': 1.45.2(typescript@5.9.3)
      '@mysten/utils': 0.2.0
      '@mysten/wallet-standard': 0.19.9(typescript@5.9.3)
      '@radix-ui/react-dialog': 1.1.15(react-dom@19.2.3(react@19.2.3))(react@19.2.3)
      '@radix-ui/react-dropdown-menu': 2.1.16(react-dom@19.2.3(react@19.2.3))(react@19.2.3)
      '@radix-ui/react-slot': 1.2.4(react@19.2.3)
      '@tanstack/react-query': 5.90.12(react@19.2.3)
      '@vanilla-extract/css': 1.18.0
      '@vanilla-extract/dynamic': 2.1.5
      '@vanilla-extract/recipes': 0.5.7(@vanilla-extract/css@1.18.0)
      clsx: 2.1.1
      react: 19.2.3
      zustand: 4.5.7(react@19.2.3)
    transitivePeerDependencies:
      - '@gql.tada/svelte-support'
      - '@gql.tada/vue-support'
      - '@types/react'
      - '@types/react-dom'
      - babel-plugin-macros
      - immer
      - react-dom
      - typescript

  '@mysten/slush-wallet@0.2.12(typescript@5.9.3)':
    dependencies:
      '@mysten/sui': 1.45.2(typescript@5.9.3)
      '@mysten/utils': 0.2.0
      '@mysten/wallet-standard': 0.19.9(typescript@5.9.3)
      '@mysten/window-wallet-core': 0.1.1(typescript@5.9.3)
      mitt: 3.0.1
      valibot: 1.2.0(typescript@5.9.3)
    transitivePeerDependencies:
      - '@gql.tada/svelte-support'
      - '@gql.tada/vue-support'
      - typescript

  '@mysten/sui@1.45.2(typescript@5.9.3)':
    dependencies:
      '@graphql-typed-document-node/core': 3.2.0(graphql@16.12.0)
      '@mysten/bcs': 1.9.2
      '@mysten/utils': 0.2.0
      '@noble/curves': 1.9.4
      '@noble/hashes': 1.8.0
      '@protobuf-ts/grpcweb-transport': 2.11.1
      '@protobuf-ts/runtime': 2.11.1
      '@protobuf-ts/runtime-rpc': 2.11.1
      '@scure/base': 1.2.6
      '@scure/bip32': 1.7.0
      '@scure/bip39': 1.6.0
      gql.tada: 1.9.0(graphql@16.12.0)(typescript@5.9.3)
      graphql: 16.12.0
      poseidon-lite: 0.2.1
      valibot: 1.2.0(typescript@5.9.3)
    transitivePeerDependencies:
      - '@gql.tada/svelte-support'
      - '@gql.tada/vue-support'
      - typescript

  '@mysten/utils@0.2.0':
    dependencies:
      '@scure/base': 1.2.6

  '@mysten/wallet-standard@0.19.9(typescript@5.9.3)':
    dependencies:
      '@mysten/sui': 1.45.2(typescript@5.9.3)
      '@wallet-standard/core': 1.1.1
    transitivePeerDependencies:
      - '@gql.tada/svelte-support'
      - '@gql.tada/vue-support'
      - typescript

  '@mysten/window-wallet-core@0.1.1(typescript@5.9.3)':
    dependencies:
      '@mysten/utils': 0.2.0
      jose: 6.1.3
      valibot: 1.2.0(typescript@5.9.3)
    transitivePeerDependencies:
      - typescript

  '@noble/curves@1.9.4':
    dependencies:
      '@noble/hashes': 1.8.0

  '@noble/hashes@1.8.0': {}

  '@protobuf-ts/grpcweb-transport@2.11.1':
    dependencies:
      '@protobuf-ts/runtime': 2.11.1
      '@protobuf-ts/runtime-rpc': 2.11.1

  '@protobuf-ts/runtime-rpc@2.11.1':
    dependencies:
      '@protobuf-ts/runtime': 2.11.1

  '@protobuf-ts/runtime@2.11.1': {}

  '@radix-ui/primitive@1.1.3': {}

  '@radix-ui/react-arrow@1.1.7(react-dom@19.2.3(react@19.2.3))(react@19.2.3)':
    dependencies:
      '@radix-ui/react-primitive': 2.1.3(react-dom@19.2.3(react@19.2.3))(react@19.2.3)
      react: 19.2.3
      react-dom: 19.2.3(react@19.2.3)

  '@radix-ui/react-collection@1.1.7(react-dom@19.2.3(react@19.2.3))(react@19.2.3)':
    dependencies:
      '@radix-ui/react-compose-refs': 1.1.2(react@19.2.3)
      '@radix-ui/react-context': 1.1.2(react@19.2.3)
      '@radix-ui/react-primitive': 2.1.3(react-dom@19.2.3(react@19.2.3))(react@19.2.3)
      '@radix-ui/react-slot': 1.2.3(react@19.2.3)
      react: 19.2.3
      react-dom: 19.2.3(react@19.2.3)

  '@radix-ui/react-compose-refs@1.1.2(react@19.2.3)':
    dependencies:
      react: 19.2.3

  '@radix-ui/react-context@1.1.2(react@19.2.3)':
    dependencies:
      react: 19.2.3

  '@radix-ui/react-dialog@1.1.15(react-dom@19.2.3(react@19.2.3))(react@19.2.3)':
    dependencies:
      '@radix-ui/primitive': 1.1.3
      '@radix-ui/react-compose-refs': 1.1.2(react@19.2.3)
      '@radix-ui/react-context': 1.1.2(react@19.2.3)
      '@radix-ui/react-dismissable-layer': 1.1.11(react-dom@19.2.3(react@19.2.3))(react@19.2.3)
      '@radix-ui/react-focus-guards': 1.1.3(react@19.2.3)
      '@radix-ui/react-focus-scope': 1.1.7(react-dom@19.2.3(react@19.2.3))(react@19.2.3)
      '@radix-ui/react-id': 1.1.1(react@19.2.3)
      '@radix-ui/react-portal': 1.1.9(react-dom@19.2.3(react@19.2.3))(react@19.2.3)
      '@radix-ui/react-presence': 1.1.5(react-dom@19.2.3(react@19.2.3))(react@19.2.3)
      '@radix-ui/react-primitive': 2.1.3(react-dom@19.2.3(react@19.2.3))(react@19.2.3)
      '@radix-ui/react-slot': 1.2.3(react@19.2.3)
      '@radix-ui/react-use-controllable-state': 1.2.2(react@19.2.3)
      aria-hidden: 1.2.6
      react: 19.2.3
      react-dom: 19.2.3(react@19.2.3)
      react-remove-scroll: 2.7.2(react@19.2.3)

  '@radix-ui/react-direction@1.1.1(react@19.2.3)':
    dependencies:
      react: 19.2.3

  '@radix-ui/react-dismissable-layer@1.1.11(react-dom@19.2.3(react@19.2.3))(react@19.2.3)':
    dependencies:
      '@radix-ui/primitive': 1.1.3
      '@radix-ui/react-compose-refs': 1.1.2(react@19.2.3)
      '@radix-ui/react-primitive': 2.1.3(react-dom@19.2.3(react@19.2.3))(react@19.2.3)
      '@radix-ui/react-use-callback-ref': 1.1.1(react@19.2.3)
      '@radix-ui/react-use-escape-keydown': 1.1.1(react@19.2.3)
      react: 19.2.3
      react-dom: 19.2.3(react@19.2.3)

  '@radix-ui/react-dropdown-menu@2.1.16(react-dom@19.2.3(react@19.2.3))(react@19.2.3)':
    dependencies:
      '@radix-ui/primitive': 1.1.3
      '@radix-ui/react-compose-refs': 1.1.2(react@19.2.3)
      '@radix-ui/react-context': 1.1.2(react@19.2.3)
      '@radix-ui/react-id': 1.1.1(react@19.2.3)
      '@radix-ui/react-menu': 2.1.16(react-dom@19.2.3(react@19.2.3))(react@19.2.3)
      '@radix-ui/react-primitive': 2.1.3(react-dom@19.2.3(react@19.2.3))(react@19.2.3)
      '@radix-ui/react-use-controllable-state': 1.2.2(react@19.2.3)
      react: 19.2.3
      react-dom: 19.2.3(react@19.2.3)

  '@radix-ui/react-focus-guards@1.1.3(react@19.2.3)':
    dependencies:
      react: 19.2.3

  '@radix-ui/react-focus-scope@1.1.7(react-dom@19.2.3(react@19.2.3))(react@19.2.3)':
    dependencies:
      '@radix-ui/react-compose-refs': 1.1.2(react@19.2.3)
      '@radix-ui/react-primitive': 2.1.3(react-dom@19.2.3(react@19.2.3))(react@19.2.3)
      '@radix-ui/react-use-callback-ref': 1.1.1(react@19.2.3)
      react: 19.2.3
      react-dom: 19.2.3(react@19.2.3)

  '@radix-ui/react-id@1.1.1(react@19.2.3)':
    dependencies:
      '@radix-ui/react-use-layout-effect': 1.1.1(react@19.2.3)
      react: 19.2.3

  '@radix-ui/react-menu@2.1.16(react-dom@19.2.3(react@19.2.3))(react@19.2.3)':
    dependencies:
      '@radix-ui/primitive': 1.1.3
      '@radix-ui/react-collection': 1.1.7(react-dom@19.2.3(react@19.2.3))(react@19.2.3)
      '@radix-ui/react-compose-refs': 1.1.2(react@19.2.3)
      '@radix-ui/react-context': 1.1.2(react@19.2.3)
      '@radix-ui/react-direction': 1.1.1(react@19.2.3)
      '@radix-ui/react-dismissable-layer': 1.1.11(react-dom@19.2.3(react@19.2.3))(react@19.2.3)
      '@radix-ui/react-focus-guards': 1.1.3(react@19.2.3)
      '@radix-ui/react-focus-scope': 1.1.7(react-dom@19.2.3(react@19.2.3))(react@19.2.3)
      '@radix-ui/react-id': 1.1.1(react@19.2.3)
      '@radix-ui/react-popper': 1.2.8(react-dom@19.2.3(react@19.2.3))(react@19.2.3)
      '@radix-ui/react-portal': 1.1.9(react-dom@19.2.3(react@19.2.3))(react@19.2.3)
      '@radix-ui/react-presence': 1.1.5(react-dom@19.2.3(react@19.2.3))(react@19.2.3)
      '@radix-ui/react-primitive': 2.1.3(react-dom@19.2.3(react@19.2.3))(react@19.2.3)
      '@radix-ui/react-roving-focus': 1.1.11(react-dom@19.2.3(react@19.2.3))(react@19.2.3)
      '@radix-ui/react-slot': 1.2.3(react@19.2.3)
      '@radix-ui/react-use-callback-ref': 1.1.1(react@19.2.3)
      aria-hidden: 1.2.6
      react: 19.2.3
      react-dom: 19.2.3(react@19.2.3)
      react-remove-scroll: 2.7.2(react@19.2.3)

  '@radix-ui/react-popper@1.2.8(react-dom@19.2.3(react@19.2.3))(react@19.2.3)':
    dependencies:
      '@floating-ui/react-dom': 2.1.6(react-dom@19.2.3(react@19.2.3))(react@19.2.3)
      '@radix-ui/react-arrow': 1.1.7(react-dom@19.2.3(react@19.2.3))(react@19.2.3)
      '@radix-ui/react-compose-refs': 1.1.2(react@19.2.3)
      '@radix-ui/react-context': 1.1.2(react@19.2.3)
      '@radix-ui/react-primitive': 2.1.3(react-dom@19.2.3(react@19.2.3))(react@19.2.3)
      '@radix-ui/react-use-callback-ref': 1.1.1(react@19.2.3)
      '@radix-ui/react-use-layout-effect': 1.1.1(react@19.2.3)
      '@radix-ui/react-use-rect': 1.1.1(react@19.2.3)
      '@radix-ui/react-use-size': 1.1.1(react@19.2.3)
      '@radix-ui/rect': 1.1.1
      react: 19.2.3
      react-dom: 19.2.3(react@19.2.3)

  '@radix-ui/react-portal@1.1.9(react-dom@19.2.3(react@19.2.3))(react@19.2.3)':
    dependencies:
      '@radix-ui/react-primitive': 2.1.3(react-dom@19.2.3(react@19.2.3))(react@19.2.3)
      '@radix-ui/react-use-layout-effect': 1.1.1(react@19.2.3)
      react: 19.2.3
      react-dom: 19.2.3(react@19.2.3)

  '@radix-ui/react-presence@1.1.5(react-dom@19.2.3(react@19.2.3))(react@19.2.3)':
    dependencies:
      '@radix-ui/react-compose-refs': 1.1.2(react@19.2.3)
      '@radix-ui/react-use-layout-effect': 1.1.1(react@19.2.3)
      react: 19.2.3
      react-dom: 19.2.3(react@19.2.3)

  '@radix-ui/react-primitive@2.1.3(react-dom@19.2.3(react@19.2.3))(react@19.2.3)':
    dependencies:
      '@radix-ui/react-slot': 1.2.3(react@19.2.3)
      react: 19.2.3
      react-dom: 19.2.3(react@19.2.3)

  '@radix-ui/react-roving-focus@1.1.11(react-dom@19.2.3(react@19.2.3))(react@19.2.3)':
    dependencies:
      '@radix-ui/primitive': 1.1.3
      '@radix-ui/react-collection': 1.1.7(react-dom@19.2.3(react@19.2.3))(react@19.2.3)
      '@radix-ui/react-compose-refs': 1.1.2(react@19.2.3)
      '@radix-ui/react-context': 1.1.2(react@19.2.3)
      '@radix-ui/react-direction': 1.1.1(react@19.2.3)
      '@radix-ui/react-id': 1.1.1(react@19.2.3)
      '@radix-ui/react-primitive': 2.1.3(react-dom@19.2.3(react@19.2.3))(react@19.2.3)
      '@radix-ui/react-use-callback-ref': 1.1.1(react@19.2.3)
      '@radix-ui/react-use-controllable-state': 1.2.2(react@19.2.3)
      react: 19.2.3
      react-dom: 19.2.3(react@19.2.3)

  '@radix-ui/react-slot@1.2.3(react@19.2.3)':
    dependencies:
      '@radix-ui/react-compose-refs': 1.1.2(react@19.2.3)
      react: 19.2.3

  '@radix-ui/react-slot@1.2.4(react@19.2.3)':
    dependencies:
      '@radix-ui/react-compose-refs': 1.1.2(react@19.2.3)
      react: 19.2.3

  '@radix-ui/react-use-callback-ref@1.1.1(react@19.2.3)':
    dependencies:
      react: 19.2.3

  '@radix-ui/react-use-controllable-state@1.2.2(react@19.2.3)':
    dependencies:
      '@radix-ui/react-use-effect-event': 0.0.2(react@19.2.3)
      '@radix-ui/react-use-layout-effect': 1.1.1(react@19.2.3)
      react: 19.2.3

  '@radix-ui/react-use-effect-event@0.0.2(react@19.2.3)':
    dependencies:
      '@radix-ui/react-use-layout-effect': 1.1.1(react@19.2.3)
      react: 19.2.3

  '@radix-ui/react-use-escape-keydown@1.1.1(react@19.2.3)':
    dependencies:
      '@radix-ui/react-use-callback-ref': 1.1.1(react@19.2.3)
      react: 19.2.3

  '@radix-ui/react-use-layout-effect@1.1.1(react@19.2.3)':
    dependencies:
      react: 19.2.3

  '@radix-ui/react-use-rect@1.1.1(react@19.2.3)':
    dependencies:
      '@radix-ui/rect': 1.1.1
      react: 19.2.3

  '@radix-ui/react-use-size@1.1.1(react@19.2.3)':
    dependencies:
      '@radix-ui/react-use-layout-effect': 1.1.1(react@19.2.3)
      react: 19.2.3

  '@radix-ui/rect@1.1.1': {}

  '@scure/base@1.2.6': {}

  '@scure/bip32@1.7.0':
    dependencies:
      '@noble/curves': 1.9.4
      '@noble/hashes': 1.8.0
      '@scure/base': 1.2.6

  '@scure/bip39@1.6.0':
    dependencies:
      '@noble/hashes': 1.8.0
      '@scure/base': 1.2.6

  '@tanstack/query-core@5.90.12': {}

  '@tanstack/react-query@5.90.12(react@19.2.3)':
    dependencies:
      '@tanstack/query-core': 5.90.12
      react: 19.2.3

  '@vanilla-extract/css@1.18.0':
    dependencies:
      '@emotion/hash': 0.9.2
      '@vanilla-extract/private': 1.0.9
      css-what: 6.2.2
      cssesc: 3.0.0
      csstype: 3.2.3
      dedent: 1.7.1
      deep-object-diff: 1.1.9
      deepmerge: 4.3.1
      lru-cache: 10.4.3
      media-query-parser: 2.0.2
      modern-ahocorasick: 1.1.0
      picocolors: 1.1.1
    transitivePeerDependencies:
      - babel-plugin-macros

  '@vanilla-extract/dynamic@2.1.5':
    dependencies:
      '@vanilla-extract/private': 1.0.9

  '@vanilla-extract/private@1.0.9': {}

  '@vanilla-extract/recipes@0.5.7(@vanilla-extract/css@1.18.0)':
    dependencies:
      '@vanilla-extract/css': 1.18.0

  '@wallet-standard/app@1.1.0':
    dependencies:
      '@wallet-standard/base': 1.1.0

  '@wallet-standard/base@1.1.0': {}

  '@wallet-standard/core@1.1.1':
    dependencies:
      '@wallet-standard/app': 1.1.0
      '@wallet-standard/base': 1.1.0
      '@wallet-standard/errors': 0.1.1
      '@wallet-standard/features': 1.1.0
      '@wallet-standard/wallet': 1.1.0

  '@wallet-standard/errors@0.1.1':
    dependencies:
      chalk: 5.6.2
      commander: 13.1.0

  '@wallet-standard/features@1.1.0':
    dependencies:
      '@wallet-standard/base': 1.1.0

  '@wallet-standard/wallet@1.1.0':
    dependencies:
      '@wallet-standard/base': 1.1.0

  aria-hidden@1.2.6:
    dependencies:
      tslib: 2.8.1

  chalk@5.6.2: {}

  clsx@2.1.1: {}

  commander@13.1.0: {}

  css-what@6.2.2: {}

  cssesc@3.0.0: {}

  csstype@3.2.3: {}

  dedent@1.7.1: {}

  deep-object-diff@1.1.9: {}

  deepmerge@4.3.1: {}

  detect-node-es@1.1.0: {}

  get-nonce@1.0.1: {}

  gql.tada@1.9.0(graphql@16.12.0)(typescript@5.9.3):
    dependencies:
      '@0no-co/graphql.web': 1.2.0(graphql@16.12.0)
      '@0no-co/graphqlsp': 1.15.2(graphql@16.12.0)(typescript@5.9.3)
      '@gql.tada/cli-utils': 1.7.2(@0no-co/graphqlsp@1.15.2(graphql@16.12.0)(typescript@5.9.3))(graphql@16.12.0)(typescript@5.9.3)
      '@gql.tada/internal': 1.0.8(graphql@16.12.0)(typescript@5.9.3)
      typescript: 5.9.3
    transitivePeerDependencies:
      - '@gql.tada/svelte-support'
      - '@gql.tada/vue-support'
      - graphql

  graphql@16.12.0: {}

  jose@6.1.3: {}

  lru-cache@10.4.3: {}

  media-query-parser@2.0.2:
    dependencies:
      '@babel/runtime': 7.28.4

  mitt@3.0.1: {}

  modern-ahocorasick@1.1.0: {}

  picocolors@1.1.1: {}

  poseidon-lite@0.2.1: {}

  react-dom@19.2.3(react@19.2.3):
    dependencies:
      react: 19.2.3
      scheduler: 0.27.0

  react-remove-scroll-bar@2.3.8(react@19.2.3):
    dependencies:
      react: 19.2.3
      react-style-singleton: 2.2.3(react@19.2.3)
      tslib: 2.8.1

  react-remove-scroll@2.7.2(react@19.2.3):
    dependencies:
      react: 19.2.3
      react-remove-scroll-bar: 2.3.8(react@19.2.3)
      react-style-singleton: 2.2.3(react@19.2.3)
      tslib: 2.8.1
      use-callback-ref: 1.3.3(react@19.2.3)
      use-sidecar: 1.1.3(react@19.2.3)

  react-style-singleton@2.2.3(react@19.2.3):
    dependencies:
      get-nonce: 1.0.1
      react: 19.2.3
      tslib: 2.8.1

  react@19.2.3: {}

  scheduler@0.27.0: {}

  tslib@2.8.1: {}

  typescript@5.9.3: {}

  use-callback-ref@1.3.3(react@19.2.3):
    dependencies:
      react: 19.2.3
      tslib: 2.8.1

  use-sidecar@1.1.3(react@19.2.3):
    dependencies:
      detect-node-es: 1.1.0
      react: 19.2.3
      tslib: 2.8.1

  use-sync-external-store@1.6.0(react@19.2.3):
    dependencies:
      react: 19.2.3

  valibot@1.2.0(typescript@5.9.3):
    optionalDependencies:
      typescript: 5.9.3

  zustand@4.5.7(react@19.2.3):
    dependencies:
      use-sync-external-store: 1.6.0(react@19.2.3)
    optionalDependencies:
      react: 19.2.3
